
Microsoft Visual Studio Solution File, Format Version 12.00
# Visual Studio Version 16
VisualStudioVersion = 16.0.29709.97
MinimumVisualStudioVersion = 10.0.40219.1
Project("{FAE04EC0-301F-11D3-BF4B-00C04F79EFBC}") = "MongoDbCsharp", "MongoDbCsharp\MongoDbCsharp.csproj", "{90395E0C-C557-46E3-8DBA-143E2A63884C}"
EndProject
Global
	GlobalSection(SolutionConfigurationPlatforms) = preSolution
		Debug|Any CPU = Debug|Any CPU
		Release|Any CPU = Release|Any CPU
	EndGlobalSection
	GlobalSection(ProjectConfigurationPlatforms) = postSolution
		{90395E0C-C557-46E3-8DBA-143E2A63884C}.Debug|Any CPU.ActiveCfg = Debug|Any CPU
		{90395E0C-C557-46E3-8DBA-143E2A63884C}.Debug|Any CPU.Build.0 = Debug|Any CPU
		{90395E0C-C557-46E3-8DBA-143E2A63884C}.Release|Any CPU.ActiveCfg = Release|Any CPU
		{90395E0C-C557-46E3-8DBA-143E2A63884C}.Release|Any CPU.Build.0 = Release|Any CPU
	EndGlobalSection
	GlobalSection(SolutionProperties) = preSolution
		HideSolutionNode = FALSE
	EndGlobalSection
	GlobalSection(ExtensibilityGlobals) = postSolution
		SolutionGuid = {371DE56B-4391-4769-A27A-5F4757C9346A}
	EndGlobalSection
EndGlobal
